PODS:
  - CVDNavigation (0.1.0)
  - Nimble (8.1.1)
  - Quick (3.0.0)

DEPENDENCIES:
  - CVDNavigation (from `./`)
  - Nimble (~> 8.1.0)
  - Quick (~> 3.0.0)

SPEC REPOS:
  trunk:
    - Nimble
    - Quick

EXTERNAL SOURCES:
  CVDNavigation:
    :path: "./"

SPEC CHECKSUMS:
  CVDNavigation: 1f47c8b9af46157bec5589cb593b9b98180b70c9
  Nimble: 5f8a2fb6fa343a7242dfdd9d42f7267419d464b2
  Quick: 6d9559f40647bc4d510103842ef2fdd882d753e2

PODFILE CHECKSUM: 2db85be774c36ecc935bfbe1cd705c3a03748fd8

COCOAPODS: 1.8.4
